// !$*UTF8*$!
{
	archiveVersion = 1;
	classes = {
	};
	objectVersion = 46;
	objects = {

/* Begin PBXBuildFile section */
		2F3B955A5292052D5B13F3E3 /* Pods_TKOMapApp.framework in Frameworks */ = {isa = PBXBuildFile; fileRef = 8A8B931D3F4EF0007F6D17BF /* Pods_TKOMapApp.framework */; };
		B666A4C8F1E4524006F937D2 /* Pods_TKOMapApp_TKOMapAppTests.framework in Frameworks */ = {isa = PBXBuildFile; fileRef = DABEF70F75829EDD5CFBF3FE /* Pods_TKOMapApp_TKOMapAppTests.framework */; };
		CB32E7BF1EDCE1A200B1D8A1 /* AppDelegate.swift in Sources */ = {isa = PBXBuildFile; fileRef = CB32E7BE1EDCE1A200B1D8A1 /* AppDelegate.swift */; };
		CB32E7C91EDCE1A200B1D8A1 /* LaunchScreen.storyboard in Resources */ = {isa = PBXBuildFile; fileRef = CB32E7C71EDCE1A200B1D8A1 /* LaunchScreen.storyboard */; };
		CB32E7E61EDCE6C100B1D8A1 /* APIinfo.plist in Resources */ = {isa = PBXBuildFile; fileRef = CB32E7E51EDCE6C100B1D8A1 /* APIinfo.plist */; };
		CB32E7E91EDCE6EC00B1D8A1 /* API.swift in Sources */ = {isa = PBXBuildFile; fileRef = CB32E7E71EDCE6EC00B1D8A1 /* API.swift */; };
		CB32E7EA1EDCE6EC00B1D8A1 /* Endpoints.swift in Sources */ = {isa = PBXBuildFile; fileRef = CB32E7E81EDCE6EC00B1D8A1 /* Endpoints.swift */; };
		CB32E7ED1EDCE6FB00B1D8A1 /* Location.swift in Sources */ = {isa = PBXBuildFile; fileRef = CB32E7EB1EDCE6FB00B1D8A1 /* Location.swift */; };
		CB32E7EE1EDCE6FB00B1D8A1 /* OpenCageResults.swift in Sources */ = {isa = PBXBuildFile; fileRef = CB32E7EC1EDCE6FB00B1D8A1 /* OpenCageResults.swift */; };
		CB32E7F11EDCE70D00B1D8A1 /* SearchResultCell.swift in Sources */ = {isa = PBXBuildFile; fileRef = CB32E7EF1EDCE70D00B1D8A1 /* SearchResultCell.swift */; };
		CB32E7F21EDCE70D00B1D8A1 /* SearchResultCell.xib in Resources */ = {isa = PBXBuildFile; fileRef = CB32E7F01EDCE70D00B1D8A1 /* SearchResultCell.xib */; };
		CB32E7F71EDCE71A00B1D8A1 /* SearchDataProvider.swift in Sources */ = {isa = PBXBuildFile; fileRef = CB32E7F31EDCE71A00B1D8A1 /* SearchDataProvider.swift */; };
		CB32E7F81EDCE71A00B1D8A1 /* SearchView.storyboard in Resources */ = {isa = PBXBuildFile; fileRef = CB32E7F41EDCE71A00B1D8A1 /* SearchView.storyboard */; };
		CB32E7F91EDCE71A00B1D8A1 /* SearchViewController.swift in Sources */ = {isa = PBXBuildFile; fileRef = CB32E7F51EDCE71A00B1D8A1 /* SearchViewController.swift */; };
		CB32E7FA1EDCE71A00B1D8A1 /* SearchViewModel.swift in Sources */ = {isa = PBXBuildFile; fileRef = CB32E7F61EDCE71A00B1D8A1 /* SearchViewModel.swift */; };
		CB32E7FD1EDCE72600B1D8A1 /* DetailView.storyboard in Resources */ = {isa = PBXBuildFile; fileRef = CB32E7FB1EDCE72600B1D8A1 /* DetailView.storyboard */; };
		CB32E7FE1EDCE72600B1D8A1 /* DetailViewController.swift in Sources */ = {isa = PBXBuildFile; fileRef = CB32E7FC1EDCE72600B1D8A1 /* DetailViewController.swift */; };
		CB32E8001EDCE78D00B1D8A1 /* Assets.xcassets in Resources */ = {isa = PBXBuildFile; fileRef = CB32E7FF1EDCE78D00B1D8A1 /* Assets.xcassets */; };
		CB32E8051EDCE8C900B1D8A1 /* EndpointTest.swift in Sources */ = {isa = PBXBuildFile; fileRef = CB32E8031EDCE8C900B1D8A1 /* EndpointTest.swift */; };
		CB32E8061EDCE8C900B1D8A1 /* forward-200.response in Resources */ = {isa = PBXBuildFile; fileRef = CB32E8041EDCE8C900B1D8A1 /* forward-200.response */; };
		CB32E8091EDCE8D800B1D8A1 /* APIRequestTests.swift in Sources */ = {isa = PBXBuildFile; fileRef = CB32E8071EDCE8D800B1D8A1 /* APIRequestTests.swift */; };
		CB32E80A1EDCE8D800B1D8A1 /* APITests.swift in Sources */ = {isa = PBXBuildFile; fileRef = CB32E8081EDCE8D800B1D8A1 /* APITests.swift */; };
/* End PBXBuildFile section */

/* Begin PBXContainerItemProxy section */
		CB32E7D01EDCE1A300B1D8A1 /* PBXContainerItemProxy */ = {
			isa = PBXContainerItemProxy;
			containerPortal = CB32E7B31EDCE1A200B1D8A1 /* Project object */;
			proxyType = 1;
			remoteGlobalIDString = CB32E7BA1EDCE1A200B1D8A1;
			remoteInfo = TKOMapApp;
		};
/* End PBXContainerItemProxy section */

/* Begin PBXFileReference section */
		272DBE16E33B5A52122784CD /* Pods-TKOMapApp-TKOMapAppTests.debug.xcconfig */ = {isa = PBXFileReference; includeInIndex = 1; lastKnownFileType = text.xcconfig; name = "Pods-TKOMapApp-TKOMapAppTests.debug.xcconfig"; path = "Pods/Target Support Files/Pods-TKOMapApp-TKOMapAppTests/Pods-TKOMapApp-TKOMapAppTests.debug.xcconfig"; sourceTree = "<group>"; };
		3AFA46C43E30F9FE2F954A4D /* Pods-TKOMapApp-TKOMapAppTests.release.xcconfig */ = {isa = PBXFileReference; includeInIndex = 1; lastKnownFileType = text.xcconfig; name = "Pods-TKOMapApp-TKOMapAppTests.release.xcconfig"; path = "Pods/Target Support Files/Pods-TKOMapApp-TKOMapAppTests/Pods-TKOMapApp-TKOMapAppTests.release.xcconfig"; sourceTree = "<group>"; };
		65E7EA4032323350F922B31C /* Pods-TKOMapApp.debug.xcconfig */ = {isa = PBXFileReference; includeInIndex = 1; lastKnownFileType = text.xcconfig; name = "Pods-TKOMapApp.debug.xcconfig"; path = "Pods/Target Support Files/Pods-TKOMapApp/Pods-TKOMapApp.debug.xcconfig"; sourceTree = "<group>"; };
		87BF044FE817CA1BB409AD47 /* Pods-TKOMapApp.release.xcconfig */ = {isa = PBXFileReference; includeInIndex = 1; lastKnownFileType = text.xcconfig; name = "Pods-TKOMapApp.release.xcconfig"; path = "Pods/Target Support Files/Pods-TKOMapApp/Pods-TKOMapApp.release.xcconfig"; sourceTree = "<group>"; };
		8A8B931D3F4EF0007F6D17BF /* Pods_TKOMapApp.framework */ = {isa = PBXFileReference; explicitFileType = wrapper.framework; includeInIndex = 0; path = Pods_TKOMapApp.framework; sourceTree = BUILT_PRODUCTS_DIR; };
		CB32E7BB1EDCE1A200B1D8A1 /* TKOMapApp.app */ = {isa = PBXFileReference; explicitFileType = wrapper.application; includeInIndex = 0; path = TKOMapApp.app; sourceTree = BUILT_PRODUCTS_DIR; };
		CB32E7BE1EDCE1A200B1D8A1 /* AppDelegate.swift */ = {isa = PBXFileReference; lastKnownFileType = sourcecode.swift; path = AppDelegate.swift; sourceTree = "<group>"; };
		CB32E7C81EDCE1A200B1D8A1 /* Base */ = {isa = PBXFileReference; lastKnownFileType = file.storyboard; name = Base; path = Base.lproj/LaunchScreen.storyboard; sourceTree = "<group>"; };
		CB32E7CA1EDCE1A200B1D8A1 /* Info.plist */ = {isa = PBXFileReference; lastKnownFileType = text.plist.xml; path = Info.plist; sourceTree = "<group>"; };
		CB32E7CF1EDCE1A300B1D8A1 /* TKOMapAppTests.xctest */ = {isa = PBXFileReference; explicitFileType = wrapper.cfbundle; includeInIndex = 0; path = TKOMapAppTests.xctest; sourceTree = BUILT_PRODUCTS_DIR; };
		CB32E7D51EDCE1A300B1D8A1 /* Info.plist */ = {isa = PBXFileReference; lastKnownFileType = text.plist.xml; path = Info.plist; sourceTree = "<group>"; };
		CB32E7E51EDCE6C100B1D8A1 /* APIinfo.plist */ = {isa = PBXFileReference; fileEncoding = 4; lastKnownFileType = text.plist.xml; path = APIinfo.plist; sourceTree = "<group>"; };
		CB32E7E71EDCE6EC00B1D8A1 /* API.swift */ = {isa = PBXFileReference; fileEncoding = 4; lastKnownFileType = sourcecode.swift; name = API.swift; path = API/API.swift; sourceTree = "<group>"; };
		CB32E7E81EDCE6EC00B1D8A1 /* Endpoints.swift */ = {isa = PBXFileReference; fileEncoding = 4; lastKnownFileType = sourcecode.swift; name = Endpoints.swift; path = API/Endpoints.swift; sourceTree = "<group>"; };
		CB32E7EB1EDCE6FB00B1D8A1 /* Location.swift */ = {isa = PBXFileReference; fileEncoding = 4; lastKnownFileType = sourcecode.swift; name = Location.swift; path = Models/Location.swift; sourceTree = "<group>"; };
		CB32E7EC1EDCE6FB00B1D8A1 /* OpenCageResults.swift */ = {isa = PBXFileReference; fileEncoding = 4; lastKnownFileType = sourcecode.swift; name = OpenCageResults.swift; path = Models/OpenCageResults.swift; sourceTree = "<group>"; };
		CB32E7EF1EDCE70D00B1D8A1 /* SearchResultCell.swift */ = {isa = PBXFileReference; fileEncoding = 4; lastKnownFileType = sourcecode.swift; name = SearchResultCell.swift; path = Components/SearchResult/SearchResultCell.swift; sourceTree = "<group>"; };
		CB32E7F01EDCE70D00B1D8A1 /* SearchResultCell.xib */ = {isa = PBXFileReference; fileEncoding = 4; lastKnownFileType = file.xib; name = SearchResultCell.xib; path = Components/SearchResult/SearchResultCell.xib; sourceTree = "<group>"; };
		CB32E7F31EDCE71A00B1D8A1 /* SearchDataProvider.swift */ = {isa = PBXFileReference; fileEncoding = 4; lastKnownFileType = sourcecode.swift; name = SearchDataProvider.swift; path = Views/Search/SearchDataProvider.swift; sourceTree = "<group>"; };
		CB32E7F41EDCE71A00B1D8A1 /* SearchView.storyboard */ = {isa = PBXFileReference; fileEncoding = 4; lastKnownFileType = file.storyboard; name = SearchView.storyboard; path = Views/Search/SearchView.storyboard; sourceTree = "<group>"; };
		CB32E7F51EDCE71A00B1D8A1 /* SearchViewController.swift */ = {isa = PBXFileReference; fileEncoding = 4; lastKnownFileType = sourcecode.swift; name = SearchViewController.swift; path = Views/Search/SearchViewController.swift; sourceTree = "<group>"; };
		CB32E7F61EDCE71A00B1D8A1 /* SearchViewModel.swift */ = {isa = PBXFileReference; fileEncoding = 4; lastKnownFileType = sourcecode.swift; name = SearchViewModel.swift; path = Views/Search/SearchViewModel.swift; sourceTree = "<group>"; };
		CB32E7FB1EDCE72600B1D8A1 /* DetailView.storyboard */ = {isa = PBXFileReference; fileEncoding = 4; lastKnownFileType = file.storyboard; name = DetailView.storyboard; path = Views/Detail/DetailView.storyboard; sourceTree = "<group>"; };
		CB32E7FC1EDCE72600B1D8A1 /* DetailViewController.swift */ = {isa = PBXFileReference; fileEncoding = 4; lastKnownFileType = sourcecode.swift; name = DetailViewController.swift; path = Views/Detail/DetailViewController.swift; sourceTree = "<group>"; };
		CB32E7FF1EDCE78D00B1D8A1 /* Assets.xcassets */ = {isa = PBXFileReference; lastKnownFileType = folder.assetcatalog; path = Assets.xcassets; sourceTree = "<group>"; };
		CB32E8031EDCE8C900B1D8A1 /* EndpointTest.swift */ = {isa = PBXFileReference; fileEncoding = 4; lastKnownFileType = sourcecode.swift; name = EndpointTest.swift; path = API/Endpoint/EndpointTest.swift; sourceTree = "<group>"; };
		CB32E8041EDCE8C900B1D8A1 /* forward-200.response */ = {isa = PBXFileReference; fileEncoding = 4; lastKnownFileType = text; name = "forward-200.response"; path = "API/Endpoint/forward-200.response"; sourceTree = "<group>"; };
		CB32E8071EDCE8D800B1D8A1 /* APIRequestTests.swift */ = {isa = PBXFileReference; fileEncoding = 4; lastKnownFileType = sourcecode.swift; name = APIRequestTests.swift; path = API/APIRequestTests.swift; sourceTree = "<group>"; };
		CB32E8081EDCE8D800B1D8A1 /* APITests.swift */ = {isa = PBXFileReference; fileEncoding = 4; lastKnownFileType = sourcecode.swift; name = APITests.swift; path = API/APITests.swift; sourceTree = "<group>"; };
		DABEF70F75829EDD5CFBF3FE /* Pods_TKOMapApp_TKOMapAppTests.framework */ = {isa = PBXFileReference; explicitFileType = wrapper.framework; includeInIndex = 0; path = Pods_TKOMapApp_TKOMapAppTests.framework; sourceTree = BUILT_PRODUCTS_DIR; };
/* End PBXFileReference section */

/* Begin PBXFrameworksBuildPhase section */
		CB32E7B81EDCE1A200B1D8A1 /* Frameworks */ = {
			isa = PBXFrameworksBuildPhase;
			buildActionMask = 2147483647;
			files = (
				2F3B955A5292052D5B13F3E3 /* Pods_TKOMapApp.framework in Frameworks */,
			);
			runOnlyForDeploymentPostprocessing = 0;
		};
		CB32E7CC1EDCE1A300B1D8A1 /* Frameworks */ = {
			isa = PBXFrameworksBuildPhase;
			buildActionMask = 2147483647;
			files = (
				B666A4C8F1E4524006F937D2 /* Pods_TKOMapApp_TKOMapAppTests.framework in Frameworks */,
			);
			runOnlyForDeploymentPostprocessing = 0;
		};
/* End PBXFrameworksBuildPhase section */

/* Begin PBXGroup section */
		57A3B3EE3F3B8474D0B077D0 /* Pods */ = {
			isa = PBXGroup;
			children = (
				65E7EA4032323350F922B31C /* Pods-TKOMapApp.debug.xcconfig */,
				87BF044FE817CA1BB409AD47 /* Pods-TKOMapApp.release.xcconfig */,
				272DBE16E33B5A52122784CD /* Pods-TKOMapApp-TKOMapAppTests.debug.xcconfig */,
				3AFA46C43E30F9FE2F954A4D /* Pods-TKOMapApp-TKOMapAppTests.release.xcconfig */,
			);
			name = Pods;
			sourceTree = "<group>";
		};
		AC23AA7E54179C2672A39341 /* Frameworks */ = {
			isa = PBXGroup;
			children = (
				8A8B931D3F4EF0007F6D17BF /* Pods_TKOMapApp.framework */,
				DABEF70F75829EDD5CFBF3FE /* Pods_TKOMapApp_TKOMapAppTests.framework */,
			);
			name = Frameworks;
			sourceTree = "<group>";
		};
		CB32E7B21EDCE1A200B1D8A1 = {
			isa = PBXGroup;
			children = (
				CB32E7BD1EDCE1A200B1D8A1 /* TKOMapApp */,
				CB32E7D21EDCE1A300B1D8A1 /* TKOMapAppTests */,
				CB32E7BC1EDCE1A200B1D8A1 /* Products */,
				57A3B3EE3F3B8474D0B077D0 /* Pods */,
				AC23AA7E54179C2672A39341 /* Frameworks */,
			);
			sourceTree = "<group>";
		};
		CB32E7BC1EDCE1A200B1D8A1 /* Products */ = {
			isa = PBXGroup;
			children = (
				CB32E7BB1EDCE1A200B1D8A1 /* TKOMapApp.app */,
				CB32E7CF1EDCE1A300B1D8A1 /* TKOMapAppTests.xctest */,
			);
			name = Products;
			sourceTree = "<group>";
		};
		CB32E7BD1EDCE1A200B1D8A1 /* TKOMapApp */ = {
			isa = PBXGroup;
			children = (
				CB32E7FF1EDCE78D00B1D8A1 /* Assets.xcassets */,
				CB32E7BE1EDCE1A200B1D8A1 /* AppDelegate.swift */,
				CB32E7E51EDCE6C100B1D8A1 /* APIinfo.plist */,
				CB32E7CA1EDCE1A200B1D8A1 /* Info.plist */,
				CB32E7DE1EDCE4FB00B1D8A1 /* API */,
				CB32E7DF1EDCE50500B1D8A1 /* Models */,
				CB32E7E01EDCE50F00B1D8A1 /* Components */,
				CB32E7E21EDCE52900B1D8A1 /* Views */,
			);
			path = TKOMapApp;
			sourceTree = "<group>";
		};
		CB32E7D21EDCE1A300B1D8A1 /* TKOMapAppTests */ = {
			isa = PBXGroup;
			children = (
				CB32E8011EDCE86200B1D8A1 /* API */,
				CB32E7D51EDCE1A300B1D8A1 /* Info.plist */,
			);
			path = TKOMapAppTests;
			sourceTree = "<group>";
		};
		CB32E7DE1EDCE4FB00B1D8A1 /* API */ = {
			isa = PBXGroup;
			children = (
				CB32E7E71EDCE6EC00B1D8A1 /* API.swift */,
				CB32E7E81EDCE6EC00B1D8A1 /* Endpoints.swift */,
			);
			name = API;
			sourceTree = "<group>";
		};
		CB32E7DF1EDCE50500B1D8A1 /* Models */ = {
			isa = PBXGroup;
			children = (
				CB32E7EB1EDCE6FB00B1D8A1 /* Location.swift */,
				CB32E7EC1EDCE6FB00B1D8A1 /* OpenCageResults.swift */,
			);
			name = Models;
			sourceTree = "<group>";
		};
		CB32E7E01EDCE50F00B1D8A1 /* Components */ = {
			isa = PBXGroup;
			children = (
				CB32E7E11EDCE51A00B1D8A1 /* SearchResult */,
			);
			name = Components;
			sourceTree = "<group>";
		};
		CB32E7E11EDCE51A00B1D8A1 /* SearchResult */ = {
			isa = PBXGroup;
			children = (
				CB32E7EF1EDCE70D00B1D8A1 /* SearchResultCell.swift */,
				CB32E7F01EDCE70D00B1D8A1 /* SearchResultCell.xib */,
			);
			name = SearchResult;
			sourceTree = "<group>";
		};
		CB32E7E21EDCE52900B1D8A1 /* Views */ = {
			isa = PBXGroup;
			children = (
				CB32E7C71EDCE1A200B1D8A1 /* LaunchScreen.storyboard */,
				CB32E7E41EDCE53A00B1D8A1 /* Search */,
				CB32E7E31EDCE53200B1D8A1 /* Detail */,
			);
			name = Views;
			sourceTree = "<group>";
		};
		CB32E7E31EDCE53200B1D8A1 /* Detail */ = {
			isa = PBXGroup;
			children = (
				CB32E7FC1EDCE72600B1D8A1 /* DetailViewController.swift */,
				CB32E7FB1EDCE72600B1D8A1 /* DetailView.storyboard */,
			);
			name = Detail;
			sourceTree = "<group>";
		};
		CB32E7E41EDCE53A00B1D8A1 /* Search */ = {
			isa = PBXGroup;
			children = (
				CB32E7F31EDCE71A00B1D8A1 /* SearchDataProvider.swift */,
				CB32E7F61EDCE71A00B1D8A1 /* SearchViewModel.swift */,
				CB32E7F51EDCE71A00B1D8A1 /* SearchViewController.swift */,
				CB32E7F41EDCE71A00B1D8A1 /* SearchView.storyboard */,
			);
			name = Search;
			sourceTree = "<group>";
		};
		CB32E8011EDCE86200B1D8A1 /* API */ = {
			isa = PBXGroup;
			children = (
				CB32E8071EDCE8D800B1D8A1 /* APIRequestTests.swift */,
				CB32E8081EDCE8D800B1D8A1 /* APITests.swift */,
				CB32E8021EDCE87A00B1D8A1 /* Endpoint */,
			);
			name = API;
			sourceTree = "<group>";
		};
		CB32E8021EDCE87A00B1D8A1 /* Endpoint */ = {
			isa = PBXGroup;
			children = (
				CB32E8031EDCE8C900B1D8A1 /* EndpointTest.swift */,
				CB32E8041EDCE8C900B1D8A1 /* forward-200.response */,
			);
			name = Endpoint;
			sourceTree = "<group>";
		};
/* End PBXGroup section */

/* Begin PBXNativeTarget section */
		CB32E7BA1EDCE1A200B1D8A1 /* TKOMapApp */ = {
			isa = PBXNativeTarget;
			buildConfigurationList = CB32E7D81EDCE1A300B1D8A1 /* Build configuration list for PBXNativeTarget "TKOMapApp" */;
			buildPhases = (
				5E0F80602F93AA1942997886 /* [CP] Check Pods Manifest.lock */,
				CB32E7B71EDCE1A200B1D8A1 /* Sources */,
				CB32E7B81EDCE1A200B1D8A1 /* Frameworks */,
				CB32E7B91EDCE1A200B1D8A1 /* Resources */,
				608F220A33C4F050D788965C /* [CP] Embed Pods Frameworks */,
				EA81B61037F8935B7ABC7C09 /* [CP] Copy Pods Resources */,
				CB5918BD1EDDA5390093AC57 /* Run Swiftlint */,
			);
			buildRules = (
			);
			dependencies = (
			);
			name = TKOMapApp;
			productName = TKOMapApp;
			productReference = CB32E7BB1EDCE1A200B1D8A1 /* TKOMapApp.app */;
			productType = "com.apple.product-type.application";
		};
		CB32E7CE1EDCE1A300B1D8A1 /* TKOMapAppTests */ = {
			isa = PBXNativeTarget;
			buildConfigurationList = CB32E7DB1EDCE1A300B1D8A1 /* Build configuration list for PBXNativeTarget "TKOMapAppTests" */;
			buildPhases = (
				0E6BD7BAAB688A79D23E5A1F /* [CP] Check Pods Manifest.lock */,
				CB32E7CB1EDCE1A300B1D8A1 /* Sources */,
				CB32E7CC1EDCE1A300B1D8A1 /* Frameworks */,
				CB32E7CD1EDCE1A300B1D8A1 /* Resources */,
				3DD5A941FB62757EEF5F21F8 /* [CP] Embed Pods Frameworks */,
				D1AA72559E12997E570E16A3 /* [CP] Copy Pods Resources */,
			);
			buildRules = (
			);
			dependencies = (
				CB32E7D11EDCE1A300B1D8A1 /* PBXTargetDependency */,
			);
			name = TKOMapAppTests;
			productName = TKOMapAppTests;
			productReference = CB32E7CF1EDCE1A300B1D8A1 /* TKOMapAppTests.xctest */;
			productType = "com.apple.product-type.bundle.unit-test";
		};
/* End PBXNativeTarget section */

/* Begin PBXProject section */
		CB32E7B31EDCE1A200B1D8A1 /* Project object */ = {
			isa = PBXProject;
			attributes = {
				LastSwiftUpdateCheck = 0830;
				LastUpgradeCheck = 0830;
				ORGANIZATIONNAME = "TKO Solutions";
				TargetAttributes = {
					CB32E7BA1EDCE1A200B1D8A1 = {
						CreatedOnToolsVersion = 8.3.2;
						DevelopmentTeam = H4UQYGEL4C;
						ProvisioningStyle = Automatic;
					};
					CB32E7CE1EDCE1A300B1D8A1 = {
						CreatedOnToolsVersion = 8.3.2;
						DevelopmentTeam = H4UQYGEL4C;
						ProvisioningStyle = Automatic;
						TestTargetID = CB32E7BA1EDCE1A200B1D8A1;
					};
				};
			};
			buildConfigurationList = CB32E7B61EDCE1A200B1D8A1 /* Build configuration list for PBXProject "TKOMapApp" */;
			compatibilityVersion = "Xcode 3.2";
			developmentRegion = English;
			hasScannedForEncodings = 0;
			knownRegions = (
				en,
				Base,
			);
			mainGroup = CB32E7B21EDCE1A200B1D8A1;
			productRefGroup = CB32E7BC1EDCE1A200B1D8A1 /* Products */;
			projectDirPath = "";
			projectRoot = "";
			targets = (
				CB32E7BA1EDCE1A200B1D8A1 /* TKOMapApp */,
				CB32E7CE1EDCE1A300B1D8A1 /* TKOMapAppTests */,
			);
		};
/* End PBXProject section */

/* Begin PBXResourcesBuildPhase section */
		CB32E7B91EDCE1A200B1D8A1 /* Resources */ = {
			isa = PBXResourcesBuildPhase;
			buildActionMask = 2147483647;
			files = (
				CB32E7C91EDCE1A200B1D8A1 /* LaunchScreen.storyboard in Resources */,
				CB32E7F81EDCE71A00B1D8A1 /* SearchView.storyboard in Resources */,
				CB32E7F21EDCE70D00B1D8A1 /* SearchResultCell.xib in Resources */,
				CB32E7FD1EDCE72600B1D8A1 /* DetailView.storyboard in Resources */,
				CB32E8001EDCE78D00B1D8A1 /* Assets.xcassets in Resources */,
				CB32E7E61EDCE6C100B1D8A1 /* APIinfo.plist in Resources */,
			);
			runOnlyForDeploymentPostprocessing = 0;
		};
		CB32E7CD1EDCE1A300B1D8A1 /* Resources */ = {
			isa = PBXResourcesBuildPhase;
			buildActionMask = 2147483647;
			files = (
				CB32E8061EDCE8C900B1D8A1 /* forward-200.response in Resources */,
			);
			runOnlyForDeploymentPostprocessing = 0;
		};
/* End PBXResourcesBuildPhase section */

/* Begin PBXShellScriptBuildPhase section */
		0E6BD7BAAB688A79D23E5A1F /* [CP] Check Pods Manifest.lock */ = {
			isa = PBXShellScriptBuildPhase;
			buildActionMask = 2147483647;
			files = (
			);
			inputPaths = (
			);
			name = "[CP] Check Pods Manifest.lock";
			outputPaths = (
			);
			runOnlyForDeploymentPostprocessing = 0;
			shellPath = /bin/sh;
			shellScript = "diff \"${PODS_ROOT}/../Podfile.lock\" \"${PODS_ROOT}/Manifest.lock\" > /dev/null\nif [ $? != 0 ] ; then\n    # print error to STDERR\n    echo \"error: The sandbox is not in sync with the Podfile.lock. Run 'pod install' or update your CocoaPods installation.\" >&2\n    exit 1\nfi\n";
			showEnvVarsInLog = 0;
		};
		3DD5A941FB62757EEF5F21F8 /* [CP] Embed Pods Frameworks */ = {
			isa = PBXShellScriptBuildPhase;
			buildActionMask = 2147483647;
			files = (
			);
			inputPaths = (
			);
			name = "[CP] Embed Pods Frameworks";
			outputPaths = (
			);
			runOnlyForDeploymentPostprocessing = 0;
			shellPath = /bin/sh;
			shellScript = "\"${SRCROOT}/Pods/Target Support Files/Pods-TKOMapApp-TKOMapAppTests/Pods-TKOMapApp-TKOMapAppTests-frameworks.sh\"\n";
			showEnvVarsInLog = 0;
		};
		5E0F80602F93AA1942997886 /* [CP] Check Pods Manifest.lock */ = {
			isa = PBXShellScriptBuildPhase;
			buildActionMask = 2147483647;
			files = (
			);
			inputPaths = (
			);
			name = "[CP] Check Pods Manifest.lock";
			outputPaths = (
			);
			runOnlyForDeploymentPostprocessing = 0;
			shellPath = /bin/sh;
			shellScript = "diff \"${PODS_ROOT}/../Podfile.lock\" \"${PODS_ROOT}/Manifest.lock\" > /dev/null\nif [ $? != 0 ] ; then\n    # print error to STDERR\n    echo \"error: The sandbox is not in sync with the Podfile.lock. Run 'pod install' or update your CocoaPods installation.\" >&2\n    exit 1\nfi\n";
			showEnvVarsInLog = 0;
		};
		608F220A33C4F050D788965C /* [CP] Embed Pods Frameworks */ = {
			isa = PBXShellScriptBuildPhase;
			buildActionMask = 2147483647;
			files = (
			);
			inputPaths = (
			);
			name = "[CP] Embed Pods Frameworks";
			outputPaths = (
			);
			runOnlyForDeploymentPostprocessing = 0;
			shellPath = /bin/sh;
			shellScript = "\"${SRCROOT}/Pods/Target Support Files/Pods-TKOMapApp/Pods-TKOMapApp-frameworks.sh\"\n";
			showEnvVarsInLog = 0;
		};
		CB5918BD1EDDA5390093AC57 /* Run Swiftlint */ = {
			isa = PBXShellScriptBuildPhase;
			buildActionMask = 2147483647;
			files = (
			);
			inputPaths = (
			);
			name = "Run Swiftlint";
			outputPaths = (
			);
			runOnlyForDeploymentPostprocessing = 0;
			shellPath = /bin/sh;
			shellScript = "if which swiftlint >/dev/null; then\n  swiftlint\nelse\n  echo \"warning: Swiftlint is not installed\"\nfi";
		};
		D1AA72559E12997E570E16A3 /* [CP] Copy Pods Resources */ = {
			isa = PBXShellScriptBuildPhase;
			buildActionMask = 2147483647;
			files = (
			);
			inputPaths = (
			);
			name = "[CP] Copy Pods Resources";
			outputPaths = (
			);
			runOnlyForDeploymentPostprocessing = 0;
			shellPath = /bin/sh;
			shellScript = "\"${SRCROOT}/Pods/Target Support Files/Pods-TKOMapApp-TKOMapAppTests/Pods-TKOMapApp-TKOMapAppTests-resources.sh\"\n";
			showEnvVarsInLog = 0;
		};
		EA81B61037F8935B7ABC7C09 /* [CP] Copy Pods Resources */ = {
			isa = PBXShellScriptBuildPhase;
			buildActionMask = 2147483647;
			files = (
			);
			inputPaths = (
			);
			name = "[CP] Copy Pods Resources";
			outputPaths = (
			);
			runOnlyForDeploymentPostprocessing = 0;
			shellPath = /bin/sh;
			shellScript = "\"${SRCROOT}/Pods/Target Support Files/Pods-TKOMapApp/Pods-TKOMapApp-resources.sh\"\n";
			showEnvVarsInLog = 0;
		};
/* End PBXShellScriptBuildPhase section */

/* Begin PBXSourcesBuildPhase section */
		CB32E7B71EDCE1A200B1D8A1 /* Sources */ = {
			isa = PBXSourcesBuildPhase;
			buildActionMask = 2147483647;
			files = (
				CB32E7E91EDCE6EC00B1D8A1 /* API.swift in Sources */,
				CB32E7F71EDCE71A00B1D8A1 /* SearchDataProvider.swift in Sources */,
				CB32E7F91EDCE71A00B1D8A1 /* SearchViewController.swift in Sources */,
				CB32E7EE1EDCE6FB00B1D8A1 /* OpenCageResults.swift in Sources */,
				CB32E7EA1EDCE6EC00B1D8A1 /* Endpoints.swift in Sources */,
				CB32E7ED1EDCE6FB00B1D8A1 /* Location.swift in Sources */,
				CB32E7FA1EDCE71A00B1D8A1 /* SearchViewModel.swift in Sources */,
				CB32E7FE1EDCE72600B1D8A1 /* DetailViewController.swift in Sources */,
				CB32E7F11EDCE70D00B1D8A1 /* SearchResultCell.swift in Sources */,
				CB32E7BF1EDCE1A200B1D8A1 /* AppDelegate.swift in Sources */,
			);
			runOnlyForDeploymentPostprocessing = 0;
		};
		CB32E7CB1EDCE1A300B1D8A1 /* Sources */ = {
			isa = PBXSourcesBuildPhase;
			buildActionMask = 2147483647;
			files = (
				CB32E8051EDCE8C900B1D8A1 /* EndpointTest.swift in Sources */,
				CB32E8091EDCE8D800B1D8A1 /* APIRequestTests.swift in Sources */,
				CB32E80A1EDCE8D800B1D8A1 /* APITests.swift in Sources */,
			);
			runOnlyForDeploymentPostprocessing = 0;
		};
/* End PBXSourcesBuildPhase section */

/* Begin PBXTargetDependency section */
		CB32E7D11EDCE1A300B1D8A1 /* PBXTargetDependency */ = {
			isa = PBXTargetDependency;
			target = CB32E7BA1EDCE1A200B1D8A1 /* TKOMapApp */;
			targetProxy = CB32E7D01EDCE1A300B1D8A1 /* PBXContainerItemProxy */;
		};
/* End PBXTargetDependency section */

/* Begin PBXVariantGroup section */
		CB32E7C71EDCE1A200B1D8A1 /* LaunchScreen.storyboard */ = {
			isa = PBXVariantGroup;
			children = (
				CB32E7C81EDCE1A200B1D8A1 /* Base */,
			);
			name = LaunchScreen.storyboard;
			sourceTree = "<group>";
		};
/* End PBXVariantGroup section */

/* Begin XCBuildConfiguration section */
		CB32E7D61EDCE1A300B1D8A1 /* Debug */ = {
			isa = XCBuildConfiguration;
			buildSettings = {
				ALWAYS_SEARCH_USER_PATHS = NO;
				CLANG_ANALYZER_NONNULL = YES;
				CLANG_ANALYZER_NUMBER_OBJECT_CONVERSION = YES_AGGRESSIVE;
				CLANG_CXX_LANGUAGE_STANDARD = "gnu++0x";
				CLANG_CXX_LIBRARY = "libc++";
				CLANG_ENABLE_MODULES = YES;
				CLANG_ENABLE_OBJC_ARC = YES;
				CLANG_WARN_BOOL_CONVERSION = YES;
				CLANG_WARN_CONSTANT_CONVERSION = YES;
				CLANG_WARN_DIRECT_OBJC_ISA_USAGE = YES_ERROR;
				CLANG_WARN_DOCUMENTATION_COMMENTS = YES;
				CLANG_WARN_EMPTY_BODY = YES;
				CLANG_WARN_ENUM_CONVERSION = YES;
				CLANG_WARN_INFINITE_RECURSION = YES;
				CLANG_WARN_INT_CONVERSION = YES;
				CLANG_WARN_OBJC_ROOT_CLASS = YES_ERROR;
				CLANG_WARN_SUSPICIOUS_MOVE = YES;
				CLANG_WARN_UNREACHABLE_CODE = YES;
				CLANG_WARN__DUPLICATE_METHOD_MATCH = YES;
				"CODE_SIGN_IDENTITY[sdk=iphoneos*]" = "iPhone Developer";
				COPY_PHASE_STRIP = NO;
				DEBUG_INFORMATION_FORMAT = dwarf;
				ENABLE_STRICT_OBJC_MSGSEND = YES;
				ENABLE_TESTABILITY = YES;
				GCC_C_LANGUAGE_STANDARD = gnu99;
				GCC_DYNAMIC_NO_PIC = NO;
				GCC_NO_COMMON_BLOCKS = YES;
				GCC_OPTIMIZATION_LEVEL = 0;
				GCC_PREPROCESSOR_DEFINITIONS = (
					"DEBUG=1",
					"$(inherited)",
				);
				GCC_WARN_64_TO_32_BIT_CONVERSION = YES;
				GCC_WARN_ABOUT_RETURN_TYPE = YES_ERROR;
				GCC_WARN_UNDECLARED_SELECTOR = YES;
				GCC_WARN_UNINITIALIZED_AUTOS = YES_AGGRESSIVE;
				GCC_WARN_UNUSED_FUNCTION = YES;
				GCC_WARN_UNUSED_VARIABLE = YES;
				IPHONEOS_DEPLOYMENT_TARGET = 10.3;
				MTL_ENABLE_DEBUG_INFO = YES;
				ONLY_ACTIVE_ARCH = YES;
				SDKROOT = iphoneos;
				SWIFT_ACTIVE_COMPILATION_CONDITIONS = DEBUG;
				SWIFT_OPTIMIZATION_LEVEL = "-Onone";
				TARGETED_DEVICE_FAMILY = "1,2";
			};
			name = Debug;
		};
		CB32E7D71EDCE1A300B1D8A1 /* Release */ = {
			isa = XCBuildConfiguration;
			buildSettings = {
				ALWAYS_SEARCH_USER_PATHS = NO;
				CLANG_ANALYZER_NONNULL = YES;
				CLANG_ANALYZER_NUMBER_OBJECT_CONVERSION = YES_AGGRESSIVE;
				CLANG_CXX_LANGUAGE_STANDARD = "gnu++0x";
				CLANG_CXX_LIBRARY = "libc++";
				CLANG_ENABLE_MODULES = YES;
				CLANG_ENABLE_OBJC_ARC = YES;
				CLANG_WARN_BOOL_CONVERSION = YES;
				CLANG_WARN_CONSTANT_CONVERSION = YES;
				CLANG_WARN_DIRECT_OBJC_ISA_USAGE = YES_ERROR;
				CLANG_WARN_DOCUMENTATION_COMMENTS = YES;
				CLANG_WARN_EMPTY_BODY = YES;
				CLANG_WARN_ENUM_CONVERSION = YES;
				CLANG_WARN_INFINITE_RECURSION = YES;
				CLANG_WARN_INT_CONVERSION = YES;
				CLANG_WARN_OBJC_ROOT_CLASS = YES_ERROR;
				CLANG_WARN_SUSPICIOUS_MOVE = YES;
				CLANG_WARN_UNREACHABLE_CODE = YES;
				CLANG_WARN__DUPLICATE_METHOD_MATCH = YES;
				"CODE_SIGN_IDENTITY[sdk=iphoneos*]" = "iPhone Developer";
				COPY_PHASE_STRIP = NO;
				DEBUG_INFORMATION_FORMAT = "dwarf-with-dsym";
				ENABLE_NS_ASSERTIONS = NO;
				ENABLE_STRICT_OBJC_MSGSEND = YES;
				GCC_C_LANGUAGE_STANDARD = gnu99;
				GCC_NO_COMMON_BLOCKS = YES;
				GCC_WARN_64_TO_32_BIT_CONVERSION = YES;
				GCC_WARN_ABOUT_RETURN_TYPE = YES_ERROR;
				GCC_WARN_UNDECLARED_SELECTOR = YES;
				GCC_WARN_UNINITIALIZED_AUTOS = YES_AGGRESSIVE;
				GCC_WARN_UNUSED_FUNCTION = YES;
				GCC_WARN_UNUSED_VARIABLE = YES;
				IPHONEOS_DEPLOYMENT_TARGET = 10.3;
				MTL_ENABLE_DEBUG_INFO = NO;
				SDKROOT = iphoneos;
				SWIFT_OPTIMIZATION_LEVEL = "-Owholemodule";
				TARGETED_DEVICE_FAMILY = "1,2";
				VALIDATE_PRODUCT = YES;
			};
			name = Release;
		};
		CB32E7D91EDCE1A300B1D8A1 /* Debug */ = {
			isa = XCBuildConfiguration;
			baseConfigurationReference = 65E7EA4032323350F922B31C /* Pods-TKOMapApp.debug.xcconfig */;
			buildSettings = {
				ASSETCATALOG_COMPILER_APPICON_NAME = AppIcon;
				DEVELOPMENT_TEAM = H4UQYGEL4C;
				INFOPLIST_FILE = TKOMapApp/Info.plist;
				LD_RUNPATH_SEARCH_PATHS = "$(inherited) @executable_path/Frameworks";
				PRODUCT_BUNDLE_IDENTIFIER = "com.tko-solutions.TKOMapApp";
				PRODUCT_NAME = "$(TARGET_NAME)";
				SWIFT_VERSION = 3.0;
			};
			name = Debug;
		};
		CB32E7DA1EDCE1A300B1D8A1 /* Release */ = {
			isa = XCBuildConfiguration;
			baseConfigurationReference = 87BF044FE817CA1BB409AD47 /* Pods-TKOMapApp.release.xcconfig */;
			buildSettings = {
				ASSETCATALOG_COMPILER_APPICON_NAME = AppIcon;
				DEVELOPMENT_TEAM = H4UQYGEL4C;
				INFOPLIST_FILE = TKOMapApp/Info.plist;
				LD_RUNPATH_SEARCH_PATHS = "$(inherited) @executable_path/Frameworks";
				PRODUCT_BUNDLE_IDENTIFIER = "com.tko-solutions.TKOMapApp";
				PRODUCT_NAME = "$(TARGET_NAME)";
				SWIFT_VERSION = 3.0;
			};
			name = Release;
		};
		CB32E7DC1EDCE1A300B1D8A1 /* Debug */ = {
			isa = XCBuildConfiguration;
			baseConfigurationReference = 272DBE16E33B5A52122784CD /* Pods-TKOMapApp-TKOMapAppTests.debug.xcconfig */;
			buildSettings = {
				ALWAYS_EMBED_SWIFT_STANDARD_LIBRARIES = YES;
				BUNDLE_LOADER = "$(TEST_HOST)";
				DEVELOPMENT_TEAM = H4UQYGEL4C;
				INFOPLIST_FILE = TKOMapAppTests/Info.plist;
				LD_RUNPATH_SEARCH_PATHS = "$(inherited) @executable_path/Frameworks @loader_path/Frameworks";
				PRODUCT_BUNDLE_IDENTIFIER = "com.tko-solutions.TKOMapAppTests";
				PRODUCT_NAME = "$(TARGET_NAME)";
				SWIFT_VERSION = 3.0;
				TEST_HOST = "$(BUILT_PRODUCTS_DIR)/TKOMapApp.app/TKOMapApp";
			};
			name = Debug;
		};
		CB32E7DD1EDCE1A300B1D8A1 /* Release */ = {
			isa = XCBuildConfiguration;
			baseConfigurationReference = 3AFA46C43E30F9FE2F954A4D /* Pods-TKOMapApp-TKOMapAppTests.release.xcconfig */;
			buildSettings = {
				ALWAYS_EMBED_SWIFT_STANDARD_LIBRARIES = YES;
				BUNDLE_LOADER = "$(TEST_HOST)";
				DEVELOPMENT_TEAM = H4UQYGEL4C;
				INFOPLIST_FILE = TKOMapAppTests/Info.plist;
				LD_RUNPATH_SEARCH_PATHS = "$(inherited) @executable_path/Frameworks @loader_path/Frameworks";
				PRODUCT_BUNDLE_IDENTIFIER = "com.tko-solutions.TKOMapAppTests";
				PRODUCT_NAME = "$(TARGET_NAME)";
				SWIFT_VERSION = 3.0;
				TEST_HOST = "$(BUILT_PRODUCTS_DIR)/TKOMapApp.app/TKOMapApp";
			};
			name = Release;
		};
/* End XCBuildConfiguration section */

/* Begin XCConfigurationList section */
		CB32E7B61EDCE1A200B1D8A1 /* Build configuration list for PBXProject "TKOMapApp" */ = {
			isa = XCConfigurationList;
			buildConfigurations = (
				CB32E7D61EDCE1A300B1D8A1 /* Debug */,
				CB32E7D71EDCE1A300B1D8A1 /* Release */,
			);
			defaultConfigurationIsVisible = 0;
			defaultConfigurationName = Release;
		};
		CB32E7D81EDCE1A300B1D8A1 /* Build configuration list for PBXNativeTarget "TKOMapApp" */ = {
			isa = XCConfigurationList;
			buildConfigurations = (
				CB32E7D91EDCE1A300B1D8A1 /* Debug */,
				CB32E7DA1EDCE1A300B1D8A1 /* Release */,
			);
			defaultConfigurationIsVisible = 0;
			defaultConfigurationName = Release;
		};
		CB32E7DB1EDCE1A300B1D8A1 /* Build configuration list for PBXNativeTarget "TKOMapAppTests" */ = {
			isa = XCConfigurationList;
			buildConfigurations = (
				CB32E7DC1EDCE1A300B1D8A1 /* Debug */,
				CB32E7DD1EDCE1A300B1D8A1 /* Release */,
			);
			defaultConfigurationIsVisible = 0;
			defaultConfigurationName = Release;
		};
/* End XCConfigurationList section */
	};
	rootObject = CB32E7B31EDCE1A200B1D8A1 /* Project object */;
}
